{
  "name": "docxport",
  "version": "0.1.0",
  "lockfileVersion": 3,
  "requires": true,
  "packages": {
    "": {
      "name": "docxport",
      "version": "0.1.0",
      "license": "MIT",
      "bin": {
        "docxport-copy-assets": "tools/copy-assets.mjs"
      },
      "engines": {
        "node": ">=18"
      }
    }
  }
}
